// !$*UTF8*$!
{
	archiveVersion = 1;
	classes = {
	};
	objectVersion = 77;
	objects = {

/* Begin PBXContainerItemProxy section */
		42EF81D22D4D3B5E0022E999 /* PBXContainerItemProxy */ = {
			isa = PBXContainerItemProxy;
			containerPortal = 42EF81B92D4D3B580022E999 /* Project object */;
			proxyType = 1;
			remoteGlobalIDString = 42EF81C02D4D3B580022E999;
			remoteInfo = VoltFlow;
		};
		42EF81DC2D4D3B5E0022E999 /* PBXContainerItemProxy */ = {
			isa = PBXContainerItemProxy;
			containerPortal = 42EF81B92D4D3B580022E999 /* Project object */;
			proxyType = 1;
			remoteGlobalIDString = 42EF81C02D4D3B580022E999;
			remoteInfo = VoltFlow;
		};
/* End PBXContainerItemProxy section */

/* Begin PBXFileReference section */
		42EF81C12D4D3B580022E999 /* VoltFlow.app */ = {isa = PBXFileReference; explicitFileType = wrapper.application; includeInIndex = 0; path = VoltFlow.app; sourceTree = BUILT_PRODUCTS_DIR; };
		42EF81D12D4D3B5E0022E999 /* VoltFlowTests.xctest */ = {isa = PBXFileReference; explicitFileType = wrapper.cfbundle; includeInIndex = 0; path = VoltFlowTests.xctest; sourceTree = BUILT_PRODUCTS_DIR; };
		42EF81DB2D4D3B5E0022E999 /* VoltFlowUITests.xctest */ = {isa = PBXFileReference; explicitFileType = wrapper.cfbundle; includeInIndex = 0; path = VoltFlowUITests.xctest; sourceTree = BUILT_PRODUCTS_DIR; };
/* End PBXFileReference section */

/* Begin PBXFileSystemSynchronizedRootGroup section */
		42EF81C32D4D3B580022E999 /* VoltFlow */ = {
			isa = PBXFileSystemSynchronizedRootGroup;
			path = VoltFlow;
			sourceTree = "<group>";
		};
		42EF81D42D4D3B5E0022E999 /* VoltFlowTests */ = {
			isa = PBXFileSystemSynchronizedRootGroup;
			path = VoltFlowTests;
			sourceTree = "<group>";
		};
		42EF81DE2D4D3B5E0022E999 /* VoltFlowUITests */ = {
			isa = PBXFileSystemSynchronizedRootGroup;
			path = VoltFlowUITests;
			sourceTree = "<group>";
		};
/* End PBXFileSystemSynchronizedRootGroup section */

/* Begin PBXFrameworksBuildPhase section */
		42EF81BE2D4D3B580022E999 /* Frameworks */ = {
			isa = PBXFrameworksBuildPhase;
			buildActionMask = 2147483647;
			files = (
			);
			runOnlyForDeploymentPostprocessing = 0;
		};
		42EF81CE2D4D3B5E0022E999 /* Frameworks */ = {
			isa = PBXFrameworksBuildPhase;
			buildActionMask = 2147483647;
			files = (
			);
			runOnlyForDeploymentPostprocessing = 0;
		};
		42EF81D82D4D3B5E0022E999 /* Frameworks */ = {
			isa = PBXFrameworksBuildPhase;
			buildActionMask = 2147483647;
			files = (
			);
			runOnlyForDeploymentPostprocessing = 0;
		};
/* End PBXFrameworksBuildPhase section */

/* Begin PBXGroup section */
		42EF81B82D4D3B580022E999 = {
			isa = PBXGroup;
			children = (
				42EF81C32D4D3B580022E999 /* VoltFlow */,
				42EF81D42D4D3B5E0022E999 /* VoltFlowTests */,
				42EF81DE2D4D3B5E0022E999 /* VoltFlowUITests */,
				42EF81C22D4D3B580022E999 /* Products */,
			);
			sourceTree = "<group>";
		};
		42EF81C22D4D3B580022E999 /* Products */ = {
			isa = PBXGroup;
			children = (
				42EF81C12D4D3B580022E999 /* VoltFlow.app */,
				42EF81D12D4D3B5E0022E999 /* VoltFlowTests.xctest */,
				42EF81DB2D4D3B5E0022E999 /* VoltFlowUITests.xctest */,
			);
			name = Products;
			sourceTree = "<group>";
		};
/* End PBXGroup section */

/* Begin PBXNativeTarget section */
		42EF81C02D4D3B580022E999 /* VoltFlow */ = {
			isa = PBXNativeTarget;
			buildConfigurationList = 42EF81E52D4D3B5E0022E999 /* Build configuration list for PBXNativeTarget "VoltFlow" */;
			buildPhases = (
				42EF81BD2D4D3B580022E999 /* Sources */,
				42EF81BE2D4D3B580022E999 /* Frameworks */,
				42EF81BF2D4D3B580022E999 /* Resources */,
			);
			buildRules = (
			);
			dependencies = (
			);
			fileSystemSynchronizedGroups = (
				42EF81C32D4D3B580022E999 /* VoltFlow */,
			);
			name = VoltFlow;
			packageProductDependencies = (
			);
			productName = VoltFlow;
			productReference = 42EF81C12D4D3B580022E999 /* VoltFlow.app */;
			productType = "com.apple.product-type.application";
		};
		42EF81D02D4D3B5E0022E999 /* VoltFlowTests */ = {
			isa = PBXNativeTarget;
			buildConfigurationList = 42EF81E82D4D3B5E0022E999 /* Build configuration list for PBXNativeTarget "VoltFlowTests" */;
			buildPhases = (
				42EF81CD2D4D3B5E0022E999 /* Sources */,
				42EF81CE2D4D3B5E0022E999 /* Frameworks */,
				42EF81CF2D4D3B5E0022E999 /* Resources */,
			);
			buildRules = (
			);
			dependencies = (
				42EF81D32D4D3B5E0022E999 /* PBXTargetDependency */,
			);
			fileSystemSynchronizedGroups = (
				42EF81D42D4D3B5E0022E999 /* VoltFlowTests */,
			);
			name = VoltFlowTests;
			packageProductDependencies = (
			);
			productName = VoltFlowTests;
			productReference = 42EF81D12D4D3B5E0022E999 /* VoltFlowTests.xctest */;
			productType = "com.apple.product-type.bundle.unit-test";
		};
		42EF81DA2D4D3B5E0022E999 /* VoltFlowUITests */ = {
			isa = PBXNativeTarget;
			buildConfigurationList = 42EF81EB2D4D3B5E0022E999 /* Build configuration list for PBXNativeTarget "VoltFlowUITests" */;
			buildPhases = (
				42EF81D72D4D3B5E0022E999 /* Sources */,
				42EF81D82D4D3B5E0022E999 /* Frameworks */,
				42EF81D92D4D3B5E0022E999 /* Resources */,
			);
			buildRules = (
			);
			dependencies = (
				42EF81DD2D4D3B5E0022E999 /* PBXTargetDependency */,
			);
			fileSystemSynchronizedGroups = (
				42EF81DE2D4D3B5E0022E999 /* VoltFlowUITests */,
			);
			name = VoltFlowUITests;
			packageProductDependencies = (
			);
			productName = VoltFlowUITests;
			productReference = 42EF81DB2D4D3B5E0022E999 /* VoltFlowUITests.xctest */;
			productType = "com.apple.product-type.bundle.ui-testing";
		};
/* End PBXNativeTarget section */

/* Begin PBXProject section */
		42EF81B92D4D3B580022E999 /* Project object */ = {
			isa = PBXProject;
			attributes = {
				BuildIndependentTargetsInParallel = 1;
				LastSwiftUpdateCheck = 1620;
				LastUpgradeCheck = 1620;
				TargetAttributes = {
					42EF81C02D4D3B580022E999 = {
						CreatedOnToolsVersion = 16.2;
					};
					42EF81D02D4D3B5E0022E999 = {
						CreatedOnToolsVersion = 16.2;
						TestTargetID = 42EF81C02D4D3B580022E999;
					};
					42EF81DA2D4D3B5E0022E999 = {
						CreatedOnToolsVersion = 16.2;
						TestTargetID = 42EF81C02D4D3B580022E999;
					};
				};
			};
			buildConfigurationList = 42EF81BC2D4D3B580022E999 /* Build configuration list for PBXProject "VoltFlow" */;
			developmentRegion = en;
			hasScannedForEncodings = 0;
			knownRegions = (
				en,
				Base,
			);
			mainGroup = 42EF81B82D4D3B580022E999;
			minimizedProjectReferenceProxies = 1;
			preferredProjectObjectVersion = 77;
			productRefGroup = 42EF81C22D4D3B580022E999 /* Products */;
			projectDirPath = "";
			projectRoot = "";
			targets = (
				42EF81C02D4D3B580022E999 /* VoltFlow */,
				42EF81D02D4D3B5E0022E999 /* VoltFlowTests */,
				42EF81DA2D4D3B5E0022E999 /* VoltFlowUITests */,
			);
		};
/* End PBXProject section */

/* Begin PBXResourcesBuildPhase section */
		42EF81BF2D4D3B580022E999 /* Resources */ = {
			isa = PBXResourcesBuildPhase;
			buildActionMask = 2147483647;
			files = (
			);
			runOnlyForDeploymentPostprocessing = 0;
		};
		42EF81CF2D4D3B5E0022E999 /* Resources */ = {
			isa = PBXResourcesBuildPhase;
			buildActionMask = 2147483647;
			files = (
			);
			runOnlyForDeploymentPostprocessing = 0;
		};
		42EF81D92D4D3B5E0022E999 /* Resources */ = {
			isa = PBXResourcesBuildPhase;
			buildActionMask = 2147483647;
			files = (
			);
			runOnlyForDeploymentPostprocessing = 0;
		};
/* End PBXResourcesBuildPhase section */

/* Begin PBXSourcesBuildPhase section */
		42EF81BD2D4D3B580022E999 /* Sources */ = {
			isa = PBXSourcesBuildPhase;
			buildActionMask = 2147483647;
			files = (
			);
			runOnlyForDeploymentPostprocessing = 0;
		};
		42EF81CD2D4D3B5E0022E999 /* Sources */ = {
			isa = PBXSourcesBuildPhase;
			buildActionMask = 2147483647;
			files = (
			);
			runOnlyForDeploymentPostprocessing = 0;
		};
		42EF81D72D4D3B5E0022E999 /* Sources */ = {
			isa = PBXSourcesBuildPhase;
			buildActionMask = 2147483647;
			files = (
			);
			runOnlyForDeploymentPostprocessing = 0;
		};
/* End PBXSourcesBuildPhase section */

/* Begin PBXTargetDependency section */
		42EF81D32D4D3B5E0022E999 /* PBXTargetDependency */ = {
			isa = PBXTargetDependency;
			target = 42EF81C02D4D3B580022E999 /* VoltFlow */;
			targetProxy = 42EF81D22D4D3B5E0022E999 /* PBXContainerItemProxy */;
		};
		42EF81DD2D4D3B5E0022E999 /* PBXTargetDependency */ = {
			isa = PBXTargetDependency;
			target = 42EF81C02D4D3B580022E999 /* VoltFlow */;
			targetProxy = 42EF81DC2D4D3B5E0022E999 /* PBXContainerItemProxy */;
		};
/* End PBXTargetDependency section */

/* Begin XCBuildConfiguration section */
		42EF81E32D4D3B5E0022E999 /* Debug */ = {
			isa = XCBuildConfiguration;
			buildSettings = {
				ALWAYS_SEARCH_USER_PATHS = NO;
				ASSETCATALOG_COMPILER_GENERATE_SWIFT_ASSET_SYMBOL_EXTENSIONS = YES;
				CLANG_ANALYZER_NONNULL = YES;
				CLANG_ANALYZER_NUMBER_OBJECT_CONVERSION = YES_AGGRESSIVE;
				CLANG_CXX_LANGUAGE_STANDARD = "gnu++20";
				CLANG_ENABLE_MODULES = YES;
				CLANG_ENABLE_OBJC_ARC = YES;
				CLANG_ENABLE_OBJC_WEAK = YES;
				CLANG_WARN_BLOCK_CAPTURE_AUTORELEASING = YES;
				CLANG_WARN_BOOL_CONVERSION = YES;
				CLANG_WARN_COMMA = YES;
				CLANG_WARN_CONSTANT_CONVERSION = YES;
				CLANG_WARN_DEPRECATED_OBJC_IMPLEMENTATIONS = YES;
				CLANG_WARN_DIRECT_OBJC_ISA_USAGE = YES_ERROR;
				CLANG_WARN_DOCUMENTATION_COMMENTS = YES;
				CLANG_WARN_EMPTY_BODY = YES;
				CLANG_WARN_ENUM_CONVERSION = YES;
				CLANG_WARN_INFINITE_RECURSION = YES;
				CLANG_WARN_INT_CONVERSION = YES;
				CLANG_WARN_NON_LITERAL_NULL_CONVERSION = YES;
				CLANG_WARN_OBJC_IMPLICIT_RETAIN_SELF = YES;
				CLANG_WARN_OBJC_LITERAL_CONVERSION = YES;
				CLANG_WARN_OBJC_ROOT_CLASS = YES_ERROR;
				CLANG_WARN_QUOTED_INCLUDE_IN_FRAMEWORK_HEADER = YES;
				CLANG_WARN_RANGE_LOOP_ANALYSIS = YES;
				CLANG_WARN_STRICT_PROTOTYPES = YES;
				CLANG_WARN_SUSPICIOUS_MOVE = YES;
				CLANG_WARN_UNGUARDED_AVAILABILITY = YES_AGGRESSIVE;
				CLANG_WARN_UNREACHABLE_CODE = YES;
				CLANG_WARN__DUPLICATE_METHOD_MATCH = YES;
				COPY_PHASE_STRIP = NO;
				DEBUG_INFORMATION_FORMAT = dwarf;
				ENABLE_STRICT_OBJC_MSGSEND = YES;
				ENABLE_TESTABILITY = YES;
				ENABLE_USER_SCRIPT_SANDBOXING = YES;
				GCC_C_LANGUAGE_STANDARD = gnu17;
				GCC_DYNAMIC_NO_PIC = NO;
				GCC_NO_COMMON_BLOCKS = YES;
				GCC_OPTIMIZATION_LEVEL = 0;
				GCC_PREPROCESSOR_DEFINITIONS = (
					"DEBUG=1",
					"$(inherited)",
				);
				GCC_WARN_64_TO_32_BIT_CONVERSION = YES;
				GCC_WARN_ABOUT_RETURN_TYPE = YES_ERROR;
				GCC_WARN_UNDECLARED_SELECTOR = YES;
				GCC_WARN_UNINITIALIZED_AUTOS = YES_AGGRESSIVE;
				GCC_WARN_UNUSED_FUNCTION = YES;
				GCC_WARN_UNUSED_VARIABLE = YES;
				IPHONEOS_DEPLOYMENT_TARGET = 18.2;
				LOCALIZATION_PREFERS_STRING_CATALOGS = YES;
				MTL_ENABLE_DEBUG_INFO = INCLUDE_SOURCE;
				MTL_FAST_MATH = YES;
				ONLY_ACTIVE_ARCH = YES;
				SDKROOT = iphoneos;
				SWIFT_ACTIVE_COMPILATION_CONDITIONS = "DEBUG $(inherited)";
				SWIFT_OPTIMIZATION_LEVEL = "-Onone";
			};
			name = Debug;
		};
		42EF81E42D4D3B5E0022E999 /* Release */ = {
			isa = XCBuildConfiguration;
			buildSettings = {
				ALWAYS_SEARCH_USER_PATHS = NO;
				ASSETCATALOG_COMPILER_GENERATE_SWIFT_ASSET_SYMBOL_EXTENSIONS = YES;
				CLANG_ANALYZER_NONNULL = YES;
				CLANG_ANALYZER_NUMBER_OBJECT_CONVERSION = YES_AGGRESSIVE;
				CLANG_CXX_LANGUAGE_STANDARD = "gnu++20";
				CLANG_ENABLE_MODULES = YES;
				CLANG_ENABLE_OBJC_ARC = YES;
				CLANG_ENABLE_OBJC_WEAK = YES;
				CLANG_WARN_BLOCK_CAPTURE_AUTORELEASING = YES;
				CLANG_WARN_BOOL_CONVERSION = YES;
				CLANG_WARN_COMMA = YES;
				CLANG_WARN_CONSTANT_CONVERSION = YES;
				CLANG_WARN_DEPRECATED_OBJC_IMPLEMENTATIONS = YES;
				CLANG_WARN_DIRECT_OBJC_ISA_USAGE = YES_ERROR;
				CLANG_WARN_DOCUMENTATION_COMMENTS = YES;
				CLANG_WARN_EMPTY_BODY = YES;
				CLANG_WARN_ENUM_CONVERSION = YES;
				CLANG_WARN_INFINITE_RECURSION = YES;
				CLANG_WARN_INT_CONVERSION = YES;
				CLANG_WARN_NON_LITERAL_NULL_CONVERSION = YES;
				CLANG_WARN_OBJC_IMPLICIT_RETAIN_SELF = YES;
				CLANG_WARN_OBJC_LITERAL_CONVERSION = YES;
				CLANG_WARN_OBJC_ROOT_CLASS = YES_ERROR;
				CLANG_WARN_QUOTED_INCLUDE_IN_FRAMEWORK_HEADER = YES;
				CLANG_WARN_RANGE_LOOP_ANALYSIS = YES;
				CLANG_WARN_STRICT_PROTOTYPES = YES;
				CLANG_WARN_SUSPICIOUS_MOVE = YES;
				CLANG_WARN_UNGUARDED_AVAILABILITY = YES_AGGRESSIVE;
				CLANG_WARN_UNREACHABLE_CODE = YES;
				CLANG_WARN__DUPLICATE_METHOD_MATCH = YES;
				COPY_PHASE_STRIP = NO;
				DEBUG_INFORMATION_FORMAT = "dwarf-with-dsym";
				ENABLE_NS_ASSERTIONS = NO;
				ENABLE_STRICT_OBJC_MSGSEND = YES;
				ENABLE_USER_SCRIPT_SANDBOXING = YES;
				GCC_C_LANGUAGE_STANDARD = gnu17;
				GCC_NO_COMMON_BLOCKS = YES;
				GCC_WARN_64_TO_32_BIT_CONVERSION = YES;
				GCC_WARN_ABOUT_RETURN_TYPE = YES_ERROR;
				GCC_WARN_UNDECLARED_SELECTOR = YES;
				GCC_WARN_UNINITIALIZED_AUTOS = YES_AGGRESSIVE;
				GCC_WARN_UNUSED_FUNCTION = YES;
				GCC_WARN_UNUSED_VARIABLE = YES;
				IPHONEOS_DEPLOYMENT_TARGET = 18.2;
				LOCALIZATION_PREFERS_STRING_CATALOGS = YES;
				MTL_ENABLE_DEBUG_INFO = NO;
				MTL_FAST_MATH = YES;
				SDKROOT = iphoneos;
				SWIFT_COMPILATION_MODE = wholemodule;
				VALIDATE_PRODUCT = YES;
			};
			name = Release;
		};
		42EF81E62D4D3B5E0022E999 /* Debug */ = {
			isa = XCBuildConfiguration;
			buildSettings = {
				ASSETCATALOG_COMPILER_APPICON_NAME = AppIcon;
				ASSETCATALOG_COMPILER_GLOBAL_ACCENT_COLOR_NAME = AccentColor;
				CODE_SIGN_STYLE = Automatic;
				CURRENT_PROJECT_VERSION = 1;
				DEVELOPMENT_ASSET_PATHS = "\"VoltFlow/Preview Content\"";
				DEVELOPMENT_TEAM = AV7QUGJFHL;
				ENABLE_PREVIEWS = YES;
				GENERATE_INFOPLIST_FILE = YES;
				INFOPLIST_KEY_NSLocationAlwaysAndWhenInUseUsageDescription = "VoltFlow needs your location to find nearby charging stations and provide real-time updates.";
				INFOPLIST_KEY_NSLocationWhenInUseUsageDescription = "VoltFlow needs your location to find nearby charging stations.";
				INFOPLIST_KEY_UIApplicationSceneManifest_Generation = YES;
				INFOPLIST_KEY_UIApplicationSupportsIndirectInputEvents = YES;
				INFOPLIST_KEY_UILaunchScreen_Generation = YES;
				INFOPLIST_KEY_UISupportedInterfaceOrientations = UIInterfaceOrientationPortrait;
				LD_RUNPATH_SEARCH_PATHS = (
					"$(inherited)",
					"@executable_path/Frameworks",
				);
				MARKETING_VERSION = 1.0;
				PRODUCT_BUNDLE_IDENTIFIER = com.voltflow.VoltFlow;
				PRODUCT_NAME = "$(TARGET_NAME)";
				SWIFT_EMIT_LOC_STRINGS = YES;
				SWIFT_VERSION = 5.0;
				TARGETED_DEVICE_FAMILY = "1,2";
			};
			name = Debug;
		};
		42EF81E72D4D3B5E0022E999 /* Release */ = {
			isa = XCBuildConfiguration;
			buildSettings = {
				ASSETCATALOG_COMPILER_APPICON_NAME = AppIcon;
				ASSETCATALOG_COMPILER_GLOBAL_ACCENT_COLOR_NAME = AccentColor;
				CODE_SIGN_STYLE = Automatic;
				CURRENT_PROJECT_VERSION = 1;
				DEVELOPMENT_ASSET_PATHS = "\"VoltFlow/Preview Content\"";
				DEVELOPMENT_TEAM = AV7QUGJFHL;
				ENABLE_PREVIEWS = YES;
				GENERATE_INFOPLIST_FILE = YES;
				INFOPLIST_KEY_NSLocationAlwaysAndWhenInUseUsageDescription = "VoltFlow needs your location to find nearby charging stations and provide real-time updates.";
				INFOPLIST_KEY_NSLocationWhenInUseUsageDescription = "VoltFlow needs your location to find nearby charging stations.";
				INFOPLIST_KEY_UIApplicationSceneManifest_Generation = YES;
				INFOPLIST_KEY_UIApplicationSupportsIndirectInputEvents = YES;
				INFOPLIST_KEY_UILaunchScreen_Generation = YES;
				INFOPLIST_KEY_UISupportedInterfaceOrientations = UIInterfaceOrientationPortrait;
				LD_RUNPATH_SEARCH_PATHS = (
					"$(inherited)",
					"@executable_path/Frameworks",
				);
				MARKETING_VERSION = 1.0;
				PRODUCT_BUNDLE_IDENTIFIER = com.voltflow.VoltFlow;
				PRODUCT_NAME = "$(TARGET_NAME)";
				SWIFT_EMIT_LOC_STRINGS = YES;
				SWIFT_VERSION = 5.0;
				TARGETED_DEVICE_FAMILY = "1,2";
			};
			name = Release;
		};
		42EF81E92D4D3B5E0022E999 /* Debug */ = {
			isa = XCBuildConfiguration;
			buildSettings = {
				BUNDLE_LOADER = "$(TEST_HOST)";
				CODE_SIGN_STYLE = Automatic;
				CURRENT_PROJECT_VERSION = 1;
				DEVELOPMENT_TEAM = AV7QUGJFHL;
				GENERATE_INFOPLIST_FILE = YES;
				IPHONEOS_DEPLOYMENT_TARGET = 18.2;
				MARKETING_VERSION = 1.0;
				PRODUCT_BUNDLE_IDENTIFIER = com.KRcompany.VoltFlowTests;
				PRODUCT_NAME = "$(TARGET_NAME)";
				SWIFT_EMIT_LOC_STRINGS = NO;
				SWIFT_VERSION = 5.0;
				TARGETED_DEVICE_FAMILY = "1,2";
				TEST_HOST = "$(BUILT_PRODUCTS_DIR)/VoltFlow.app/$(BUNDLE_EXECUTABLE_FOLDER_PATH)/VoltFlow";
			};
			name = Debug;
		};
		42EF81EA2D4D3B5E0022E999 /* Release */ = {
			isa = XCBuildConfiguration;
			buildSettings = {
				BUNDLE_LOADER = "$(TEST_HOST)";
				CODE_SIGN_STYLE = Automatic;
				CURRENT_PROJECT_VERSION = 1;
				DEVELOPMENT_TEAM = AV7QUGJFHL;
				GENERATE_INFOPLIST_FILE = YES;
				IPHONEOS_DEPLOYMENT_TARGET = 18.2;
				MARKETING_VERSION = 1.0;
				PRODUCT_BUNDLE_IDENTIFIER = com.KRcompany.VoltFlowTests;
				PRODUCT_NAME = "$(TARGET_NAME)";
				SWIFT_EMIT_LOC_STRINGS = NO;
				SWIFT_VERSION = 5.0;
				TARGETED_DEVICE_FAMILY = "1,2";
				TEST_HOST = "$(BUILT_PRODUCTS_DIR)/VoltFlow.app/$(BUNDLE_EXECUTABLE_FOLDER_PATH)/VoltFlow";
			};
			name = Release;
		};
		42EF81EC2D4D3B5E0022E999 /* Debug */ = {
			isa = XCBuildConfiguration;
			buildSettings = {
				CODE_SIGN_STYLE = Automatic;
				CURRENT_PROJECT_VERSION = 1;
				DEVELOPMENT_TEAM = AV7QUGJFHL;
				GENERATE_INFOPLIST_FILE = YES;
				MARKETING_VERSION = 1.0;
				PRODUCT_BUNDLE_IDENTIFIER = com.KRcompany.VoltFlowUITests;
				PRODUCT_NAME = "$(TARGET_NAME)";
				SWIFT_EMIT_LOC_STRINGS = NO;
				SWIFT_VERSION = 5.0;
				TARGETED_DEVICE_FAMILY = "1,2";
				TEST_TARGET_NAME = VoltFlow;
			};
			name = Debug;
		};
		42EF81ED2D4D3B5E0022E999 /* Release */ = {
			isa = XCBuildConfiguration;
			buildSettings = {
				CODE_SIGN_STYLE = Automatic;
				CURRENT_PROJECT_VERSION = 1;
				DEVELOPMENT_TEAM = AV7QUGJFHL;
				GENERATE_INFOPLIST_FILE = YES;
				MARKETING_VERSION = 1.0;
				PRODUCT_BUNDLE_IDENTIFIER = com.KRcompany.VoltFlowUITests;
				PRODUCT_NAME = "$(TARGET_NAME)";
				SWIFT_EMIT_LOC_STRINGS = NO;
				SWIFT_VERSION = 5.0;
				TARGETED_DEVICE_FAMILY = "1,2";
				TEST_TARGET_NAME = VoltFlow;
			};
			name = Release;
		};
/* End XCBuildConfiguration section */

/* Begin XCConfigurationList section */
		42EF81BC2D4D3B580022E999 /* Build configuration list for PBXProject "VoltFlow" */ = {
			isa = XCConfigurationList;
			buildConfigurations = (
				42EF81E32D4D3B5E0022E999 /* Debug */,
				42EF81E42D4D3B5E0022E999 /* Release */,
			);
			defaultConfigurationIsVisible = 0;
			defaultConfigurationName = Release;
		};
		42EF81E52D4D3B5E0022E999 /* Build configuration list for PBXNativeTarget "VoltFlow" */ = {
			isa = XCConfigurationList;
			buildConfigurations = (
				42EF81E62D4D3B5E0022E999 /* Debug */,
				42EF81E72D4D3B5E0022E999 /* Release */,
			);
			defaultConfigurationIsVisible = 0;
			defaultConfigurationName = Release;
		};
		42EF81E82D4D3B5E0022E999 /* Build configuration list for PBXNativeTarget "VoltFlowTests" */ = {
			isa = XCConfigurationList;
			buildConfigurations = (
				42EF81E92D4D3B5E0022E999 /* Debug */,
				42EF81EA2D4D3B5E0022E999 /* Release */,
			);
			defaultConfigurationIsVisible = 0;
			defaultConfigurationName = Release;
		};
		42EF81EB2D4D3B5E0022E999 /* Build configuration list for PBXNativeTarget "VoltFlowUITests" */ = {
			isa = XCConfigurationList;
			buildConfigurations = (
				42EF81EC2D4D3B5E0022E999 /* Debug */,
				42EF81ED2D4D3B5E0022E999 /* Release */,
			);
			defaultConfigurationIsVisible = 0;
			defaultConfigurationName = Release;
		};
/* End XCConfigurationList section */
	};
	rootObject = 42EF81B92D4D3B580022E999 /* Project object */;
}
